MIM_DEFAULT_TAG=v35.0.1
MIM_TOUCHSCREEN_TAG=v35.0.1
MIM_DEFAULT_REPO=rank-coder/khipro-m17n
MIM_TOUCHSCREEN_REPO=KhiproTeam/khipro-mim-touchscreen
MIM_DEFAULT_SHA256=6ae1b0fb63accdd39cf0de3f96fe12506b56e453f07619d432b6d72f93da2cc8
MIM_TOUCHSCREEN_SHA256=95044e383086616f1d919b41d2c7fc78bf327e40d1f007efe2475a7536c15b78
TESTCASES_DEFAULT_REPO=KhiproTeam/khipro-testcases
TESTCASES_DEFAULT_REF=main
TESTCASES_TOUCHSCREEN_REPO=KhiproTeam/khipro-testcases-touch
TESTCASES_TOUCHSCREEN_REF=main
FETCHED_AT=2026-06-22T08:28:56Z
