MIM_DEFAULT_TAG=v36.6.1-beta
MIM_TOUCHSCREEN_TAG=v36.6.1-beta
MIM_DEFAULT_REPO=rank-coder/khipro-m17n
MIM_TOUCHSCREEN_REPO=KhiproTeam/khipro-mim-touchscreen
MIM_DEFAULT_SHA256=8a2ccd3ede1c3696432b4d97f7cd0bb2e62c6840937e3e1a013d51e55a00c763
MIM_TOUCHSCREEN_SHA256=03859784ffa7ccb00049abe69bf31b0fb0cf1dda18496f3def3c27bd1a14b1e6
TESTCASES_DEFAULT_REPO=KhiproTeam/khipro-testcases
TESTCASES_DEFAULT_REF=main
TESTCASES_TOUCHSCREEN_REPO=KhiproTeam/khipro-testcases-touch
TESTCASES_TOUCHSCREEN_REF=main
FETCHED_AT=2026-10-08T15:43:04Z
