MIM_DEFAULT_TAG=v35.0.2
MIM_TOUCHSCREEN_TAG=v35.0.2
MIM_DEFAULT_REPO=rank-coder/khipro-m17n
MIM_TOUCHSCREEN_REPO=KhiproTeam/khipro-mim-touchscreen
MIM_DEFAULT_SHA256=ffe091ca18f38c7b71b2fefa8b7fbb3e59d12a423190472f35e043d95b36d625
MIM_TOUCHSCREEN_SHA256=130e9b514f0ae86396308312778309c710dc13cfe599ff7d33601dfb9a4f918e
TESTCASES_DEFAULT_REPO=KhiproTeam/khipro-testcases
TESTCASES_DEFAULT_REF=main
TESTCASES_TOUCHSCREEN_REPO=KhiproTeam/khipro-testcases-touch
TESTCASES_TOUCHSCREEN_REF=main
FETCHED_AT=2026-06-28T07:58:19Z
